
Microsoft Visual Studio Solution File, Format Version 12.00
# Visual Studio Version 17
VisualStudioVersion = 17.0.31903.59
MinimumVisualStudioVersion = 10.0.40219.1
Project("{FAE04EC0-301F-11D3-BF4B-00C04F79EFBC}") = "Task_1", "WS3\Task_1.csproj", "{BD9AA589-3E98-4E35-BBC8-A68ED18F75B5}"
EndProject
Project("{FAE04EC0-301F-11D3-BF4B-00C04F79EFBC}") = "Task_2", "Task_2\Task_2.csproj", "{66462583-5E1D-48D3-91AB-3BE5EB3D8664}"
EndProject
Project("{FAE04EC0-301F-11D3-BF4B-00C04F79EFBC}") = "Task_3", "Task_3\Task_3.csproj", "{CA9E1108-550B-449E-9439-D4D75D365CB7}"
EndProject
Project("{FAE04EC0-301F-11D3-BF4B-00C04F79EFBC}") = "Task_4", "Task_4\Task_4.csproj", "{9C3EA43E-62CE-408A-8B85-C4B004474FA4}"
EndProject
Project("{FAE04EC0-301F-11D3-BF4B-00C04F79EFBC}") = "Task_5", "Task_5\Task_5.csproj", "{DAD57DEF-AAD5-4630-B8FF-2FEFD04C4A6B}"
EndProject
Project("{FAE04EC0-301F-11D3-BF4B-00C04F79EFBC}") = "Task_6", "Task_6\Task_6.csproj", "{D6367E53-A106-4ED9-BC12-573B38918A9A}"
EndProject
Global
	GlobalSection(SolutionConfigurationPlatforms) = preSolution
		Debug|Any CPU = Debug|Any CPU
		Debug|x64 = Debug|x64
		Debug|x86 = Debug|x86
		Release|Any CPU = Release|Any CPU
		Release|x64 = Release|x64
		Release|x86 = Release|x86
	EndGlobalSection
	GlobalSection(ProjectConfigurationPlatforms) = postSolution
		{BD9AA589-3E98-4E35-BBC8-A68ED18F75B5}.Debug|Any CPU.ActiveCfg = Debug|Any CPU
		{BD9AA589-3E98-4E35-BBC8-A68ED18F75B5}.Debug|Any CPU.Build.0 = Debug|Any CPU
		{BD9AA589-3E98-4E35-BBC8-A68ED18F75B5}.Debug|x64.ActiveCfg = Debug|Any CPU
		{BD9AA589-3E98-4E35-BBC8-A68ED18F75B5}.Debug|x64.Build.0 = Debug|Any CPU
		{BD9AA589-3E98-4E35-BBC8-A68ED18F75B5}.Debug|x86.ActiveCfg = Debug|Any CPU
		{BD9AA589-3E98-4E35-BBC8-A68ED18F75B5}.Debug|x86.Build.0 = Debug|Any CPU
		{BD9AA589-3E98-4E35-BBC8-A68ED18F75B5}.Release|Any CPU.ActiveCfg = Release|Any CPU
		{BD9AA589-3E98-4E35-BBC8-A68ED18F75B5}.Release|Any CPU.Build.0 = Release|Any CPU
		{BD9AA589-3E98-4E35-BBC8-A68ED18F75B5}.Release|x64.ActiveCfg = Release|Any CPU
		{BD9AA589-3E98-4E35-BBC8-A68ED18F75B5}.Release|x64.Build.0 = Release|Any CPU
		{BD9AA589-3E98-4E35-BBC8-A68ED18F75B5}.Release|x86.ActiveCfg = Release|Any CPU
		{BD9AA589-3E98-4E35-BBC8-A68ED18F75B5}.Release|x86.Build.0 = Release|Any CPU
		{66462583-5E1D-48D3-91AB-3BE5EB3D8664}.Debug|Any CPU.ActiveCfg = Debug|Any CPU
		{66462583-5E1D-48D3-91AB-3BE5EB3D8664}.Debug|Any CPU.Build.0 = Debug|Any CPU
		{66462583-5E1D-48D3-91AB-3BE5EB3D8664}.Debug|x64.ActiveCfg = Debug|Any CPU
		{66462583-5E1D-48D3-91AB-3BE5EB3D8664}.Debug|x64.Build.0 = Debug|Any CPU
		{66462583-5E1D-48D3-91AB-3BE5EB3D8664}.Debug|x86.ActiveCfg = Debug|Any CPU
		{66462583-5E1D-48D3-91AB-3BE5EB3D8664}.Debug|x86.Build.0 = Debug|Any CPU
		{66462583-5E1D-48D3-91AB-3BE5EB3D8664}.Release|Any CPU.ActiveCfg = Release|Any CPU
		{66462583-5E1D-48D3-91AB-3BE5EB3D8664}.Release|Any CPU.Build.0 = Release|Any CPU
		{66462583-5E1D-48D3-91AB-3BE5EB3D8664}.Release|x64.ActiveCfg = Release|Any CPU
		{66462583-5E1D-48D3-91AB-3BE5EB3D8664}.Release|x64.Build.0 = Release|Any CPU
		{66462583-5E1D-48D3-91AB-3BE5EB3D8664}.Release|x86.ActiveCfg = Release|Any CPU
		{66462583-5E1D-48D3-91AB-3BE5EB3D8664}.Release|x86.Build.0 = Release|Any CPU
		{CA9E1108-550B-449E-9439-D4D75D365CB7}.Debug|Any CPU.ActiveCfg = Debug|Any CPU
		{CA9E1108-550B-449E-9439-D4D75D365CB7}.Debug|Any CPU.Build.0 = Debug|Any CPU
		{CA9E1108-550B-449E-9439-D4D75D365CB7}.Debug|x64.ActiveCfg = Debug|Any CPU
		{CA9E1108-550B-449E-9439-D4D75D365CB7}.Debug|x64.Build.0 = Debug|Any CPU
		{CA9E1108-550B-449E-9439-D4D75D365CB7}.Debug|x86.ActiveCfg = Debug|Any CPU
		{CA9E1108-550B-449E-9439-D4D75D365CB7}.Debug|x86.Build.0 = Debug|Any CPU
		{CA9E1108-550B-449E-9439-D4D75D365CB7}.Release|Any CPU.ActiveCfg = Release|Any CPU
		{CA9E1108-550B-449E-9439-D4D75D365CB7}.Release|Any CPU.Build.0 = Release|Any CPU
		{CA9E1108-550B-449E-9439-D4D75D365CB7}.Release|x64.ActiveCfg = Release|Any CPU
		{CA9E1108-550B-449E-9439-D4D75D365CB7}.Release|x64.Build.0 = Release|Any CPU
		{CA9E1108-550B-449E-9439-D4D75D365CB7}.Release|x86.ActiveCfg = Release|Any CPU
		{CA9E1108-550B-449E-9439-D4D75D365CB7}.Release|x86.Build.0 = Release|Any CPU
		{9C3EA43E-62CE-408A-8B85-C4B004474FA4}.Debug|Any CPU.ActiveCfg = Debug|Any CPU
		{9C3EA43E-62CE-408A-8B85-C4B004474FA4}.Debug|Any CPU.Build.0 = Debug|Any CPU
		{9C3EA43E-62CE-408A-8B85-C4B004474FA4}.Debug|x64.ActiveCfg = Debug|Any CPU
		{9C3EA43E-62CE-408A-8B85-C4B004474FA4}.Debug|x64.Build.0 = Debug|Any CPU
		{9C3EA43E-62CE-408A-8B85-C4B004474FA4}.Debug|x86.ActiveCfg = Debug|Any CPU
		{9C3EA43E-62CE-408A-8B85-C4B004474FA4}.Debug|x86.Build.0 = Debug|Any CPU
		{9C3EA43E-62CE-408A-8B85-C4B004474FA4}.Release|Any CPU.ActiveCfg = Release|Any CPU
		{9C3EA43E-62CE-408A-8B85-C4B004474FA4}.Release|Any CPU.Build.0 = Release|Any CPU
		{9C3EA43E-62CE-408A-8B85-C4B004474FA4}.Release|x64.ActiveCfg = Release|Any CPU
		{9C3EA43E-62CE-408A-8B85-C4B004474FA4}.Release|x64.Build.0 = Release|Any CPU
		{9C3EA43E-62CE-408A-8B85-C4B004474FA4}.Release|x86.ActiveCfg = Release|Any CPU
		{9C3EA43E-62CE-408A-8B85-C4B004474FA4}.Release|x86.Build.0 = Release|Any CPU
		{DAD57DEF-AAD5-4630-B8FF-2FEFD04C4A6B}.Debug|Any CPU.ActiveCfg = Debug|Any CPU
		{DAD57DEF-AAD5-4630-B8FF-2FEFD04C4A6B}.Debug|Any CPU.Build.0 = Debug|Any CPU
		{DAD57DEF-AAD5-4630-B8FF-2FEFD04C4A6B}.Debug|x64.ActiveCfg = Debug|Any CPU
		{DAD57DEF-AAD5-4630-B8FF-2FEFD04C4A6B}.Debug|x64.Build.0 = Debug|Any CPU
		{DAD57DEF-AAD5-4630-B8FF-2FEFD04C4A6B}.Debug|x86.ActiveCfg = Debug|Any CPU
		{DAD57DEF-AAD5-4630-B8FF-2FEFD04C4A6B}.Debug|x86.Build.0 = Debug|Any CPU
		{DAD57DEF-AAD5-4630-B8FF-2FEFD04C4A6B}.Release|Any CPU.ActiveCfg = Release|Any CPU
		{DAD57DEF-AAD5-4630-B8FF-2FEFD04C4A6B}.Release|Any CPU.Build.0 = Release|Any CPU
		{DAD57DEF-AAD5-4630-B8FF-2FEFD04C4A6B}.Release|x64.ActiveCfg = Release|Any CPU
		{DAD57DEF-AAD5-4630-B8FF-2FEFD04C4A6B}.Release|x64.Build.0 = Release|Any CPU
		{DAD57DEF-AAD5-4630-B8FF-2FEFD04C4A6B}.Release|x86.ActiveCfg = Release|Any CPU
		{DAD57DEF-AAD5-4630-B8FF-2FEFD04C4A6B}.Release|x86.Build.0 = Release|Any CPU
		{D6367E53-A106-4ED9-BC12-573B38918A9A}.Debug|Any CPU.ActiveCfg = Debug|Any CPU
		{D6367E53-A106-4ED9-BC12-573B38918A9A}.Debug|Any CPU.Build.0 = Debug|Any CPU
		{D6367E53-A106-4ED9-BC12-573B38918A9A}.Debug|x64.ActiveCfg = Debug|Any CPU
		{D6367E53-A106-4ED9-BC12-573B38918A9A}.Debug|x64.Build.0 = Debug|Any CPU
		{D6367E53-A106-4ED9-BC12-573B38918A9A}.Debug|x86.ActiveCfg = Debug|Any CPU
		{D6367E53-A106-4ED9-BC12-573B38918A9A}.Debug|x86.Build.0 = Debug|Any CPU
		{D6367E53-A106-4ED9-BC12-573B38918A9A}.Release|Any CPU.ActiveCfg = Release|Any CPU
		{D6367E53-A106-4ED9-BC12-573B38918A9A}.Release|Any CPU.Build.0 = Release|Any CPU
		{D6367E53-A106-4ED9-BC12-573B38918A9A}.Release|x64.ActiveCfg = Release|Any CPU
		{D6367E53-A106-4ED9-BC12-573B38918A9A}.Release|x64.Build.0 = Release|Any CPU
		{D6367E53-A106-4ED9-BC12-573B38918A9A}.Release|x86.ActiveCfg = Release|Any CPU
		{D6367E53-A106-4ED9-BC12-573B38918A9A}.Release|x86.Build.0 = Release|Any CPU
	EndGlobalSection
	GlobalSection(SolutionProperties) = preSolution
		HideSolutionNode = FALSE
	EndGlobalSection
EndGlobal
